PODS:
  - RedpacketAliAuthLib (1.1.4):
    - RedPacketAlipay
  - RedPacketAlipay (15.0.2)
  - RedpacketLib (3.4.7):
    - RedPacketAlipay

DEPENDENCIES:
  - RedpacketAliAuthLib
  - RedpacketLib

SPEC CHECKSUMS:
  RedpacketAliAuthLib: 6173b52c25ab728db907da89fbcda3200d1cf98a
  RedPacketAlipay: a5de6db2e2671fc9255d6d396be869e3ba2f0489
  RedpacketLib: a5d7dcd3fe5b76dbb23ab799c749bce9eeb633c4

PODFILE CHECKSUM: 040eb9c2da0ece619450e95c115682feeea2cb3c

COCOAPODS: 1.2.1
